
Microsoft Visual Studio Solution File, Format Version 12.00
# Visual Studio 14
VisualStudioVersion = 14.0.25420.1
MinimumVisualStudioVersion = 10.0.40219.1
Project("{FAE04EC0-301F-11D3-BF4B-00C04F79EFBC}") = "Pipeline", "Pipeline\Pipeline.csproj", "{DAD67C7C-3F0E-44E9-BE64-64D0AC013AC9}"
EndProject
Project("{FAE04EC0-301F-11D3-BF4B-00C04F79EFBC}") = "Pipeline.Core", "Pipeline.Core\Pipeline.Core.csproj", "{7E6BDEB7-DBCD-4B26-BE20-D08B8B300601}"
EndProject
Project("{FAE04EC0-301F-11D3-BF4B-00C04F79EFBC}") = "Pipeline.Tests", "Pipeline.Tests\Pipeline.Tests.csproj", "{D08D05FE-3F94-4436-81A8-84DB52092A17}"
EndProject
Global
	GlobalSection(SolutionConfigurationPlatforms) = preSolution
		Debug|Any CPU = Debug|Any CPU
		Release|Any CPU = Release|Any CPU
	EndGlobalSection
	GlobalSection(ProjectConfigurationPlatforms) = postSolution
		{DAD67C7C-3F0E-44E9-BE64-64D0AC013AC9}.Debug|Any CPU.ActiveCfg = Debug|Any CPU
		{DAD67C7C-3F0E-44E9-BE64-64D0AC013AC9}.Debug|Any CPU.Build.0 = Debug|Any CPU
		{DAD67C7C-3F0E-44E9-BE64-64D0AC013AC9}.Release|Any CPU.ActiveCfg = Release|Any CPU
		{DAD67C7C-3F0E-44E9-BE64-64D0AC013AC9}.Release|Any CPU.Build.0 = Release|Any CPU
		{7E6BDEB7-DBCD-4B26-BE20-D08B8B300601}.Debug|Any CPU.ActiveCfg = Debug|Any CPU
		{7E6BDEB7-DBCD-4B26-BE20-D08B8B300601}.Debug|Any CPU.Build.0 = Debug|Any CPU
		{7E6BDEB7-DBCD-4B26-BE20-D08B8B300601}.Release|Any CPU.ActiveCfg = Release|Any CPU
		{7E6BDEB7-DBCD-4B26-BE20-D08B8B300601}.Release|Any CPU.Build.0 = Release|Any CPU
		{D08D05FE-3F94-4436-81A8-84DB52092A17}.Debug|Any CPU.ActiveCfg = Debug|Any CPU
		{D08D05FE-3F94-4436-81A8-84DB52092A17}.Debug|Any CPU.Build.0 = Debug|Any CPU
		{D08D05FE-3F94-4436-81A8-84DB52092A17}.Release|Any CPU.ActiveCfg = Release|Any CPU
		{D08D05FE-3F94-4436-81A8-84DB52092A17}.Release|Any CPU.Build.0 = Release|Any CPU
	EndGlobalSection
	GlobalSection(SolutionProperties) = preSolution
		HideSolutionNode = FALSE
	EndGlobalSection
EndGlobal
